
Microsoft Visual Studio Solution File, Format Version 12.00
# Visual Studio Version 17
VisualStudioVersion = 17.11.35312.102
MinimumVisualStudioVersion = 10.0.40219.1
Project("{FAE04EC0-301F-11D3-BF4B-00C04F79EFBC}") = "MultiSearchAPI", "MultiSearchAPI\MultiSearchAPI.csproj", "{CF8F8EE8-0126-4F62-BD41-F03451344BAE}"
EndProject
Global
	GlobalSection(SolutionConfigurationPlatforms) = preSolution
		Debug|Any CPU = Debug|Any CPU
		Release|Any CPU = Release|Any CPU
	EndGlobalSection
	GlobalSection(ProjectConfigurationPlatforms) = postSolution
		{CF8F8EE8-0126-4F62-BD41-F03451344BAE}.Debug|Any CPU.ActiveCfg = Debug|Any CPU
		{CF8F8EE8-0126-4F62-BD41-F03451344BAE}.Debug|Any CPU.Build.0 = Debug|Any CPU
		{CF8F8EE8-0126-4F62-BD41-F03451344BAE}.Release|Any CPU.ActiveCfg = Release|Any CPU
		{CF8F8EE8-0126-4F62-BD41-F03451344BAE}.Release|Any CPU.Build.0 = Release|Any CPU
	EndGlobalSection
	GlobalSection(SolutionProperties) = preSolution
		HideSolutionNode = FALSE
	EndGlobalSection
	GlobalSection(ExtensibilityGlobals) = postSolution
		SolutionGuid = {BFE0E864-6540-4F6D-9B5A-A1DC972EC574}
	EndGlobalSection
EndGlobal
